
Microsoft Visual Studio Solution File, Format Version 12.00
# Visual Studio Version 16
VisualStudioVersion = 16.0.29424.173
MinimumVisualStudioVersion = 10.0.40219.1
Project("{9A19103F-16F7-4668-BE54-9A1E7A4F7556}") = "WebImage", "WebImage\WebImage.csproj", "{00AEB3BB-896C-4965-9B08-BDF1F105D61A}"
EndProject
Global
	GlobalSection(SolutionConfigurationPlatforms) = preSolution
		Debug|Any CPU = Debug|Any CPU
		Release|Any CPU = Release|Any CPU
	EndGlobalSection
	GlobalSection(ProjectConfigurationPlatforms) = postSolution
		{00AEB3BB-896C-4965-9B08-BDF1F105D61A}.Debug|Any CPU.ActiveCfg = Debug|Any CPU
		{00AEB3BB-896C-4965-9B08-BDF1F105D61A}.Debug|Any CPU.Build.0 = Debug|Any CPU
		{00AEB3BB-896C-4965-9B08-BDF1F105D61A}.Release|Any CPU.ActiveCfg = Release|Any CPU
		{00AEB3BB-896C-4965-9B08-BDF1F105D61A}.Release|Any CPU.Build.0 = Release|Any CPU
	EndGlobalSection
	GlobalSection(SolutionProperties) = preSolution
		HideSolutionNode = FALSE
	EndGlobalSection
	GlobalSection(ExtensibilityGlobals) = postSolution
		SolutionGuid = {6E75F6B2-BC60-42AD-9E28-292E02C1EF6B}
	EndGlobalSection
EndGlobal
